
Microsoft Visual Studio Solution File, Format Version 12.00
# Visual Studio Version 17
VisualStudioVersion = 17.12.35527.113 d17.12
MinimumVisualStudioVersion = 10.0.40219.1
Project("{FAE04EC0-301F-11D3-BF4B-00C04F79EFBC}") = "NatoHrmsBackend", "NatoHrmsBackend\NatoHrmsBackend.csproj", "{CFE8E419-C421-48F5-9B40-B6DF9215750C}"
EndProject
Global
	GlobalSection(SolutionConfigurationPlatforms) = preSolution
		Debug|Any CPU = Debug|Any CPU
		Release|Any CPU = Release|Any CPU
	EndGlobalSection
	GlobalSection(ProjectConfigurationPlatforms) = postSolution
		{CFE8E419-C421-48F5-9B40-B6DF9215750C}.Debug|Any CPU.ActiveCfg = Debug|Any CPU
		{CFE8E419-C421-48F5-9B40-B6DF9215750C}.Debug|Any CPU.Build.0 = Debug|Any CPU
		{CFE8E419-C421-48F5-9B40-B6DF9215750C}.Release|Any CPU.ActiveCfg = Release|Any CPU
		{CFE8E419-C421-48F5-9B40-B6DF9215750C}.Release|Any CPU.Build.0 = Release|Any CPU
	EndGlobalSection
	GlobalSection(SolutionProperties) = preSolution
		HideSolutionNode = FALSE
	EndGlobalSection
EndGlobal
